
Microsoft Visual Studio Solution File, Format Version 12.00
Project("{FAE04EC0-301F-11D3-BF4B-00C04F79EFBC}") = "SharpAssert.Tests", "SharpAssert.Tests\SharpAssert.Tests.csproj", "{100B6474-F62C-472E-98D2-1935911FF4BF}"
EndProject
Project("{FAE04EC0-301F-11D3-BF4B-00C04F79EFBC}") = "SharpAssert", "SharpAssert\SharpAssert.csproj", "{F30DA6F2-9A1F-47B1-88B8-4E533EE4A3AB}"
EndProject
Global
	GlobalSection(SolutionConfigurationPlatforms) = preSolution
		Debug|Any CPU = Debug|Any CPU
		Release|Any CPU = Release|Any CPU
	EndGlobalSection
	GlobalSection(ProjectConfigurationPlatforms) = postSolution
		{100B6474-F62C-472E-98D2-1935911FF4BF}.Debug|Any CPU.ActiveCfg = Debug|Any CPU
		{100B6474-F62C-472E-98D2-1935911FF4BF}.Debug|Any CPU.Build.0 = Debug|Any CPU
		{100B6474-F62C-472E-98D2-1935911FF4BF}.Release|Any CPU.ActiveCfg = Release|Any CPU
		{100B6474-F62C-472E-98D2-1935911FF4BF}.Release|Any CPU.Build.0 = Release|Any CPU
		{F30DA6F2-9A1F-47B1-88B8-4E533EE4A3AB}.Debug|Any CPU.ActiveCfg = Debug|Any CPU
		{F30DA6F2-9A1F-47B1-88B8-4E533EE4A3AB}.Debug|Any CPU.Build.0 = Debug|Any CPU
		{F30DA6F2-9A1F-47B1-88B8-4E533EE4A3AB}.Release|Any CPU.ActiveCfg = Release|Any CPU
		{F30DA6F2-9A1F-47B1-88B8-4E533EE4A3AB}.Release|Any CPU.Build.0 = Release|Any CPU
	EndGlobalSection
EndGlobal
