
Microsoft Visual Studio Solution File, Format Version 12.00
Project("{FAE04EC0-301F-11D3-BF4B-00C04F79EFBC}") = "SharpAssert.Tests", "SharpAssert.Tests\SharpAssert.Tests.csproj", "{100B6474-F62C-472E-98D2-1935911FF4BF}"
EndProject
Project("{FAE04EC0-301F-11D3-BF4B-00C04F79EFBC}") = "SharpAssert", "SharpAssert\SharpAssert.csproj", "{F30DA6F2-9A1F-47B1-88B8-4E533EE4A3AB}"
EndProject
Project("{FAE04EC0-301F-11D3-BF4B-00C04F79EFBC}") = "SharpAssert.Rewriter.Tests", "SharpAssert.Rewriter.Tests\SharpAssert.Rewriter.Tests.csproj", "{5F9957C7-8219-46EC-972A-D39F60981809}"
EndProject
Project("{FAE04EC0-301F-11D3-BF4B-00C04F79EFBC}") = "SharpAssert.Rewriter", "SharpAssert.Rewriter\SharpAssert.Rewriter.csproj", "{C9949AD0-684A-415A-A4FB-626EF50E2242}"
EndProject
Project("{FAE04EC0-301F-11D3-BF4B-00C04F79EFBC}") = "SharpAssert.PackageTest", "SharpAssert.PackageTest\SharpAssert.PackageTest.csproj", "{B2178774-FB4B-4997-BEFC-A426FDC2BD13}"
EndProject
Project("{FAE04EC0-301F-11D3-BF4B-00C04F79EFBC}") = "SharpAssert.PowerAssertTest", "SharpAssert.PowerAssertTest\SharpAssert.PowerAssertTest.csproj", "{D6D87294-D61C-47CF-9FA6-8F1619140466}"
EndProject
Project("{FAE04EC0-301F-11D3-BF4B-00C04F79EFBC}") = "SharpAssert.IntegrationTests", "SharpAssert.IntegrationTests\SharpAssert.IntegrationTests.csproj", "{64391C1B-BDA7-4E82-9059-41AE07792FE4}"
EndProject
Global
	GlobalSection(SolutionConfigurationPlatforms) = preSolution
		Debug|Any CPU = Debug|Any CPU
		Debug|x64 = Debug|x64
		Debug|x86 = Debug|x86
		Release|Any CPU = Release|Any CPU
		Release|x64 = Release|x64
		Release|x86 = Release|x86
	EndGlobalSection
	GlobalSection(ProjectConfigurationPlatforms) = postSolution
		{100B6474-F62C-472E-98D2-1935911FF4BF}.Debug|Any CPU.ActiveCfg = Debug|Any CPU
		{100B6474-F62C-472E-98D2-1935911FF4BF}.Debug|Any CPU.Build.0 = Debug|Any CPU
		{100B6474-F62C-472E-98D2-1935911FF4BF}.Debug|x64.ActiveCfg = Debug|Any CPU
		{100B6474-F62C-472E-98D2-1935911FF4BF}.Debug|x64.Build.0 = Debug|Any CPU
		{100B6474-F62C-472E-98D2-1935911FF4BF}.Debug|x86.ActiveCfg = Debug|Any CPU
		{100B6474-F62C-472E-98D2-1935911FF4BF}.Debug|x86.Build.0 = Debug|Any CPU
		{100B6474-F62C-472E-98D2-1935911FF4BF}.Release|Any CPU.ActiveCfg = Release|Any CPU
		{100B6474-F62C-472E-98D2-1935911FF4BF}.Release|Any CPU.Build.0 = Release|Any CPU
		{100B6474-F62C-472E-98D2-1935911FF4BF}.Release|x64.ActiveCfg = Release|Any CPU
		{100B6474-F62C-472E-98D2-1935911FF4BF}.Release|x64.Build.0 = Release|Any CPU
		{100B6474-F62C-472E-98D2-1935911FF4BF}.Release|x86.ActiveCfg = Release|Any CPU
		{100B6474-F62C-472E-98D2-1935911FF4BF}.Release|x86.Build.0 = Release|Any CPU
		{F30DA6F2-9A1F-47B1-88B8-4E533EE4A3AB}.Debug|Any CPU.ActiveCfg = Debug|Any CPU
		{F30DA6F2-9A1F-47B1-88B8-4E533EE4A3AB}.Debug|Any CPU.Build.0 = Debug|Any CPU
		{F30DA6F2-9A1F-47B1-88B8-4E533EE4A3AB}.Debug|x64.ActiveCfg = Debug|Any CPU
		{F30DA6F2-9A1F-47B1-88B8-4E533EE4A3AB}.Debug|x64.Build.0 = Debug|Any CPU
		{F30DA6F2-9A1F-47B1-88B8-4E533EE4A3AB}.Debug|x86.ActiveCfg = Debug|Any CPU
		{F30DA6F2-9A1F-47B1-88B8-4E533EE4A3AB}.Debug|x86.Build.0 = Debug|Any CPU
		{F30DA6F2-9A1F-47B1-88B8-4E533EE4A3AB}.Release|Any CPU.ActiveCfg = Release|Any CPU
		{F30DA6F2-9A1F-47B1-88B8-4E533EE4A3AB}.Release|Any CPU.Build.0 = Release|Any CPU
		{F30DA6F2-9A1F-47B1-88B8-4E533EE4A3AB}.Release|x64.ActiveCfg = Release|Any CPU
		{F30DA6F2-9A1F-47B1-88B8-4E533EE4A3AB}.Release|x64.Build.0 = Release|Any CPU
		{F30DA6F2-9A1F-47B1-88B8-4E533EE4A3AB}.Release|x86.ActiveCfg = Release|Any CPU
		{F30DA6F2-9A1F-47B1-88B8-4E533EE4A3AB}.Release|x86.Build.0 = Release|Any CPU
		{5F9957C7-8219-46EC-972A-D39F60981809}.Debug|Any CPU.ActiveCfg = Debug|Any CPU
		{5F9957C7-8219-46EC-972A-D39F60981809}.Debug|Any CPU.Build.0 = Debug|Any CPU
		{5F9957C7-8219-46EC-972A-D39F60981809}.Debug|x64.ActiveCfg = Debug|Any CPU
		{5F9957C7-8219-46EC-972A-D39F60981809}.Debug|x64.Build.0 = Debug|Any CPU
		{5F9957C7-8219-46EC-972A-D39F60981809}.Debug|x86.ActiveCfg = Debug|Any CPU
		{5F9957C7-8219-46EC-972A-D39F60981809}.Debug|x86.Build.0 = Debug|Any CPU
		{5F9957C7-8219-46EC-972A-D39F60981809}.Release|Any CPU.ActiveCfg = Release|Any CPU
		{5F9957C7-8219-46EC-972A-D39F60981809}.Release|Any CPU.Build.0 = Release|Any CPU
		{5F9957C7-8219-46EC-972A-D39F60981809}.Release|x64.ActiveCfg = Release|Any CPU
		{5F9957C7-8219-46EC-972A-D39F60981809}.Release|x64.Build.0 = Release|Any CPU
		{5F9957C7-8219-46EC-972A-D39F60981809}.Release|x86.ActiveCfg = Release|Any CPU
		{5F9957C7-8219-46EC-972A-D39F60981809}.Release|x86.Build.0 = Release|Any CPU
		{C9949AD0-684A-415A-A4FB-626EF50E2242}.Debug|Any CPU.ActiveCfg = Debug|Any CPU
		{C9949AD0-684A-415A-A4FB-626EF50E2242}.Debug|Any CPU.Build.0 = Debug|Any CPU
		{C9949AD0-684A-415A-A4FB-626EF50E2242}.Debug|x64.ActiveCfg = Debug|Any CPU
		{C9949AD0-684A-415A-A4FB-626EF50E2242}.Debug|x64.Build.0 = Debug|Any CPU
		{C9949AD0-684A-415A-A4FB-626EF50E2242}.Debug|x86.ActiveCfg = Debug|Any CPU
		{C9949AD0-684A-415A-A4FB-626EF50E2242}.Debug|x86.Build.0 = Debug|Any CPU
		{C9949AD0-684A-415A-A4FB-626EF50E2242}.Release|Any CPU.ActiveCfg = Release|Any CPU
		{C9949AD0-684A-415A-A4FB-626EF50E2242}.Release|Any CPU.Build.0 = Release|Any CPU
		{C9949AD0-684A-415A-A4FB-626EF50E2242}.Release|x64.ActiveCfg = Release|Any CPU
		{C9949AD0-684A-415A-A4FB-626EF50E2242}.Release|x64.Build.0 = Release|Any CPU
		{C9949AD0-684A-415A-A4FB-626EF50E2242}.Release|x86.ActiveCfg = Release|Any CPU
		{C9949AD0-684A-415A-A4FB-626EF50E2242}.Release|x86.Build.0 = Release|Any CPU
		{B2178774-FB4B-4997-BEFC-A426FDC2BD13}.Debug|x64.ActiveCfg = Debug|Any CPU
		{B2178774-FB4B-4997-BEFC-A426FDC2BD13}.Debug|x64.Build.0 = Debug|Any CPU
		{B2178774-FB4B-4997-BEFC-A426FDC2BD13}.Debug|x86.ActiveCfg = Debug|Any CPU
		{B2178774-FB4B-4997-BEFC-A426FDC2BD13}.Debug|x86.Build.0 = Debug|Any CPU
		{B2178774-FB4B-4997-BEFC-A426FDC2BD13}.Release|Any CPU.ActiveCfg = Release|Any CPU
		{B2178774-FB4B-4997-BEFC-A426FDC2BD13}.Release|x64.ActiveCfg = Release|Any CPU
		{B2178774-FB4B-4997-BEFC-A426FDC2BD13}.Release|x64.Build.0 = Release|Any CPU
		{B2178774-FB4B-4997-BEFC-A426FDC2BD13}.Release|x86.ActiveCfg = Release|Any CPU
		{B2178774-FB4B-4997-BEFC-A426FDC2BD13}.Release|x86.Build.0 = Release|Any CPU
		{B2178774-FB4B-4997-BEFC-A426FDC2BD13}.Debug|Any CPU.ActiveCfg = Debug|Any CPU
		{D6D87294-D61C-47CF-9FA6-8F1619140466}.Debug|x64.ActiveCfg = Debug|Any CPU
		{D6D87294-D61C-47CF-9FA6-8F1619140466}.Debug|x64.Build.0 = Debug|Any CPU
		{D6D87294-D61C-47CF-9FA6-8F1619140466}.Debug|x86.ActiveCfg = Debug|Any CPU
		{D6D87294-D61C-47CF-9FA6-8F1619140466}.Debug|x86.Build.0 = Debug|Any CPU
		{D6D87294-D61C-47CF-9FA6-8F1619140466}.Release|Any CPU.ActiveCfg = Release|Any CPU
		{D6D87294-D61C-47CF-9FA6-8F1619140466}.Release|x64.ActiveCfg = Release|Any CPU
		{D6D87294-D61C-47CF-9FA6-8F1619140466}.Release|x64.Build.0 = Release|Any CPU
		{D6D87294-D61C-47CF-9FA6-8F1619140466}.Release|x86.ActiveCfg = Release|Any CPU
		{D6D87294-D61C-47CF-9FA6-8F1619140466}.Release|x86.Build.0 = Release|Any CPU
		{D6D87294-D61C-47CF-9FA6-8F1619140466}.Debug|Any CPU.ActiveCfg = Debug|Any CPU
		{64391C1B-BDA7-4E82-9059-41AE07792FE4}.Debug|Any CPU.ActiveCfg = Debug|Any CPU
		{64391C1B-BDA7-4E82-9059-41AE07792FE4}.Debug|Any CPU.Build.0 = Debug|Any CPU
		{64391C1B-BDA7-4E82-9059-41AE07792FE4}.Debug|x64.ActiveCfg = Debug|Any CPU
		{64391C1B-BDA7-4E82-9059-41AE07792FE4}.Debug|x64.Build.0 = Debug|Any CPU
		{64391C1B-BDA7-4E82-9059-41AE07792FE4}.Debug|x86.ActiveCfg = Debug|Any CPU
		{64391C1B-BDA7-4E82-9059-41AE07792FE4}.Debug|x86.Build.0 = Debug|Any CPU
		{64391C1B-BDA7-4E82-9059-41AE07792FE4}.Release|Any CPU.ActiveCfg = Release|Any CPU
		{64391C1B-BDA7-4E82-9059-41AE07792FE4}.Release|Any CPU.Build.0 = Release|Any CPU
		{64391C1B-BDA7-4E82-9059-41AE07792FE4}.Release|x64.ActiveCfg = Release|Any CPU
		{64391C1B-BDA7-4E82-9059-41AE07792FE4}.Release|x64.Build.0 = Release|Any CPU
		{64391C1B-BDA7-4E82-9059-41AE07792FE4}.Release|x86.ActiveCfg = Release|Any CPU
		{64391C1B-BDA7-4E82-9059-41AE07792FE4}.Release|x86.Build.0 = Release|Any CPU
	EndGlobalSection
	GlobalSection(SolutionProperties) = preSolution
		HideSolutionNode = FALSE
	EndGlobalSection
EndGlobal
